
Microsoft Visual Studio Solution File, Format Version 12.00
# Visual Studio Version 17
VisualStudioVersion = 17.4.33110.190
MinimumVisualStudioVersion = 10.0.40219.1
Project("{9A19103F-16F7-4668-BE54-9A1E7A4F7556}") = "WebAPI", "MagicVilla.WebAPI\WebAPI.csproj", "{92E7F032-8C04-48DE-B27B-A583D5063489}"
EndProject
Project("{9A19103F-16F7-4668-BE54-9A1E7A4F7556}") = "Business", "Repositories\Business.csproj", "{49618C81-7FAC-4FEA-8E5E-33F934974AF8}"
EndProject
Project("{9A19103F-16F7-4668-BE54-9A1E7A4F7556}") = "DataAccess", "DataAccess\DataAccess.csproj", "{31575F97-35AB-4803-BFD1-05A2D002F400}"
EndProject
Project("{9A19103F-16F7-4668-BE54-9A1E7A4F7556}") = "MagicVilla_Web", "MagicVilla_Web\MagicVilla_Web.csproj", "{B85B1D0C-EF1D-4CFE-B6CC-5AF6A2045560}"
EndProject
Project("{FAE04EC0-301F-11D3-BF4B-00C04F79EFBC}") = "MagicVilla_Utility", "MagicVilla_Utility\MagicVilla_Utility.csproj", "{D6221EE7-0832-491C-A102-93F5B4A133AE}"
EndProject
Global
	GlobalSection(SolutionConfigurationPlatforms) = preSolution
		Debug|Any CPU = Debug|Any CPU
		Release|Any CPU = Release|Any CPU
	EndGlobalSection
	GlobalSection(ProjectConfigurationPlatforms) = postSolution
		{92E7F032-8C04-48DE-B27B-A583D5063489}.Debug|Any CPU.ActiveCfg = Debug|Any CPU
		{92E7F032-8C04-48DE-B27B-A583D5063489}.Debug|Any CPU.Build.0 = Debug|Any CPU
		{92E7F032-8C04-48DE-B27B-A583D5063489}.Release|Any CPU.ActiveCfg = Release|Any CPU
		{92E7F032-8C04-48DE-B27B-A583D5063489}.Release|Any CPU.Build.0 = Release|Any CPU
		{49618C81-7FAC-4FEA-8E5E-33F934974AF8}.Debug|Any CPU.ActiveCfg = Debug|Any CPU
		{49618C81-7FAC-4FEA-8E5E-33F934974AF8}.Debug|Any CPU.Build.0 = Debug|Any CPU
		{49618C81-7FAC-4FEA-8E5E-33F934974AF8}.Release|Any CPU.ActiveCfg = Release|Any CPU
		{49618C81-7FAC-4FEA-8E5E-33F934974AF8}.Release|Any CPU.Build.0 = Release|Any CPU
		{31575F97-35AB-4803-BFD1-05A2D002F400}.Debug|Any CPU.ActiveCfg = Debug|Any CPU
		{31575F97-35AB-4803-BFD1-05A2D002F400}.Debug|Any CPU.Build.0 = Debug|Any CPU
		{31575F97-35AB-4803-BFD1-05A2D002F400}.Release|Any CPU.ActiveCfg = Release|Any CPU
		{31575F97-35AB-4803-BFD1-05A2D002F400}.Release|Any CPU.Build.0 = Release|Any CPU
		{B85B1D0C-EF1D-4CFE-B6CC-5AF6A2045560}.Debug|Any CPU.ActiveCfg = Debug|Any CPU
		{B85B1D0C-EF1D-4CFE-B6CC-5AF6A2045560}.Debug|Any CPU.Build.0 = Debug|Any CPU
		{B85B1D0C-EF1D-4CFE-B6CC-5AF6A2045560}.Release|Any CPU.ActiveCfg = Release|Any CPU
		{B85B1D0C-EF1D-4CFE-B6CC-5AF6A2045560}.Release|Any CPU.Build.0 = Release|Any CPU
		{D6221EE7-0832-491C-A102-93F5B4A133AE}.Debug|Any CPU.ActiveCfg = Debug|Any CPU
		{D6221EE7-0832-491C-A102-93F5B4A133AE}.Debug|Any CPU.Build.0 = Debug|Any CPU
		{D6221EE7-0832-491C-A102-93F5B4A133AE}.Release|Any CPU.ActiveCfg = Release|Any CPU
		{D6221EE7-0832-491C-A102-93F5B4A133AE}.Release|Any CPU.Build.0 = Release|Any CPU
	EndGlobalSection
	GlobalSection(SolutionProperties) = preSolution
		HideSolutionNode = FALSE
	EndGlobalSection
	GlobalSection(ExtensibilityGlobals) = postSolution
		SolutionGuid = {C3332645-0E2F-4038-8850-4DDDAD3900A8}
	EndGlobalSection
EndGlobal
